# This file is autogenerated, do not edit; changes may be undone by the next 'dep ensure'.


[[projects]]
  branch = "master"
  name = "github.com/mailru/easyjson"
  packages = [
    ".",
    "buffer",
    "jlexer",
    "jwriter"
  ]
  revision = "f594efddfa171111dc4349cd6e78e8f61dc7936f"

[[projects]]
  name = "github.com/olivere/elastic"
  packages = [
    ".",
    "config",
    "uritemplates"
  ]
  revision = "f9243358b15391d76b5d0e2cb816442f9cded8cc"
  version = "v6.1.12"

[[projects]]
  name = "github.com/pkg/errors"
  packages = ["."]
  revision = "645ef00459ed84a119197bfb8d8205042c6df63d"
  version = "v0.8.0"

[solve-meta]
  analyzer-name = "dep"
  analyzer-version = 1
  inputs-digest = "8e060d1e56ff68dc2f7de3f40f4c43fb056197eda9e2342f612147f2e4d1287d"
  solver-name = "gps-cdcl"
  solver-version = 1
